
Microsoft Visual Studio Solution File, Format Version 12.00
# Visual Studio 15
VisualStudioVersion = 15.0.26124.0
MinimumVisualStudioVersion = 15.0.26124.0
Project("{FAE04EC0-301F-11D3-BF4B-00C04F79EFBC}") = "UnitTests", "UnitTests\UnitTests.csproj", "{95C58694-90A6-4566-88CA-87BF51742417}"
EndProject
Project("{FAE04EC0-301F-11D3-BF4B-00C04F79EFBC}") = "JsonSrcGen.Generator", "JsonSrcGen.Generator\JsonSrcGen.Generator.csproj", "{A4F7CBF4-9F42-44E1-8E86-55DC4832EABB}"
EndProject
Project("{FAE04EC0-301F-11D3-BF4B-00C04F79EFBC}") = "JsonSrcGen", "JsonSrcGen\JsonSrcGen.csproj", "{07779402-F95B-444A-A16E-D37E483080EF}"
EndProject
Global
	GlobalSection(SolutionConfigurationPlatforms) = preSolution
		Debug|Any CPU = Debug|Any CPU
		Debug|x64 = Debug|x64
		Debug|x86 = Debug|x86
		Release|Any CPU = Release|Any CPU
		Release|x64 = Release|x64
		Release|x86 = Release|x86
	EndGlobalSection
	GlobalSection(SolutionProperties) = preSolution
		HideSolutionNode = FALSE
	EndGlobalSection
	GlobalSection(ProjectConfigurationPlatforms) = postSolution
		{95C58694-90A6-4566-88CA-87BF51742417}.Debug|Any CPU.ActiveCfg = Debug|Any CPU
		{95C58694-90A6-4566-88CA-87BF51742417}.Debug|Any CPU.Build.0 = Debug|Any CPU
		{95C58694-90A6-4566-88CA-87BF51742417}.Debug|x64.ActiveCfg = Debug|Any CPU
		{95C58694-90A6-4566-88CA-87BF51742417}.Debug|x64.Build.0 = Debug|Any CPU
		{95C58694-90A6-4566-88CA-87BF51742417}.Debug|x86.ActiveCfg = Debug|Any CPU
		{95C58694-90A6-4566-88CA-87BF51742417}.Debug|x86.Build.0 = Debug|Any CPU
		{95C58694-90A6-4566-88CA-87BF51742417}.Release|Any CPU.ActiveCfg = Release|Any CPU
		{95C58694-90A6-4566-88CA-87BF51742417}.Release|Any CPU.Build.0 = Release|Any CPU
		{95C58694-90A6-4566-88CA-87BF51742417}.Release|x64.ActiveCfg = Release|Any CPU
		{95C58694-90A6-4566-88CA-87BF51742417}.Release|x64.Build.0 = Release|Any CPU
		{95C58694-90A6-4566-88CA-87BF51742417}.Release|x86.ActiveCfg = Release|Any CPU
		{95C58694-90A6-4566-88CA-87BF51742417}.Release|x86.Build.0 = Release|Any CPU
		{A4F7CBF4-9F42-44E1-8E86-55DC4832EABB}.Debug|Any CPU.ActiveCfg = Debug|Any CPU
		{A4F7CBF4-9F42-44E1-8E86-55DC4832EABB}.Debug|Any CPU.Build.0 = Debug|Any CPU
		{A4F7CBF4-9F42-44E1-8E86-55DC4832EABB}.Debug|x64.ActiveCfg = Debug|Any CPU
		{A4F7CBF4-9F42-44E1-8E86-55DC4832EABB}.Debug|x64.Build.0 = Debug|Any CPU
		{A4F7CBF4-9F42-44E1-8E86-55DC4832EABB}.Debug|x86.ActiveCfg = Debug|Any CPU
		{A4F7CBF4-9F42-44E1-8E86-55DC4832EABB}.Debug|x86.Build.0 = Debug|Any CPU
		{A4F7CBF4-9F42-44E1-8E86-55DC4832EABB}.Release|Any CPU.ActiveCfg = Release|Any CPU
		{A4F7CBF4-9F42-44E1-8E86-55DC4832EABB}.Release|Any CPU.Build.0 = Release|Any CPU
		{A4F7CBF4-9F42-44E1-8E86-55DC4832EABB}.Release|x64.ActiveCfg = Release|Any CPU
		{A4F7CBF4-9F42-44E1-8E86-55DC4832EABB}.Release|x64.Build.0 = Release|Any CPU
		{A4F7CBF4-9F42-44E1-8E86-55DC4832EABB}.Release|x86.ActiveCfg = Release|Any CPU
		{A4F7CBF4-9F42-44E1-8E86-55DC4832EABB}.Release|x86.Build.0 = Release|Any CPU
		{07779402-F95B-444A-A16E-D37E483080EF}.Debug|Any CPU.ActiveCfg = Debug|Any CPU
		{07779402-F95B-444A-A16E-D37E483080EF}.Debug|Any CPU.Build.0 = Debug|Any CPU
		{07779402-F95B-444A-A16E-D37E483080EF}.Debug|x64.ActiveCfg = Debug|Any CPU
		{07779402-F95B-444A-A16E-D37E483080EF}.Debug|x64.Build.0 = Debug|Any CPU
		{07779402-F95B-444A-A16E-D37E483080EF}.Debug|x86.ActiveCfg = Debug|Any CPU
		{07779402-F95B-444A-A16E-D37E483080EF}.Debug|x86.Build.0 = Debug|Any CPU
		{07779402-F95B-444A-A16E-D37E483080EF}.Release|Any CPU.ActiveCfg = Release|Any CPU
		{07779402-F95B-444A-A16E-D37E483080EF}.Release|Any CPU.Build.0 = Release|Any CPU
		{07779402-F95B-444A-A16E-D37E483080EF}.Release|x64.ActiveCfg = Release|Any CPU
		{07779402-F95B-444A-A16E-D37E483080EF}.Release|x64.Build.0 = Release|Any CPU
		{07779402-F95B-444A-A16E-D37E483080EF}.Release|x86.ActiveCfg = Release|Any CPU
		{07779402-F95B-444A-A16E-D37E483080EF}.Release|x86.Build.0 = Release|Any CPU
	EndGlobalSection
EndGlobal
