
Microsoft Visual Studio Solution File, Format Version 12.00
# Visual Studio Version 16
VisualStudioVersion = 16.0.30804.86
MinimumVisualStudioVersion = 15.0.26124.0
Project("{9A19103F-16F7-4668-BE54-9A1E7A4F7556}") = "UnitTests", "UnitTests\UnitTests.csproj", "{95C58694-90A6-4566-88CA-87BF51742417}"
EndProject
Project("{9A19103F-16F7-4668-BE54-9A1E7A4F7556}") = "JsonSrcGen", "JsonSrcGen\JsonSrcGen.csproj", "{A4F7CBF4-9F42-44E1-8E86-55DC4832EABB}"
EndProject
Project("{9A19103F-16F7-4668-BE54-9A1E7A4F7556}") = "RealJsonTests", "RealJsonTests\RealJsonTests.csproj", "{14247B7E-56FC-421F-8D23-DDFF917D4A64}"
EndProject
Project("{9A19103F-16F7-4668-BE54-9A1E7A4F7556}") = "CustomConverterTests", "CustomConverterTests\CustomConverterTests.csproj", "{41D4EE4E-2302-47B9-BD0D-23E08A67578C}"
EndProject
Project("{9A19103F-16F7-4668-BE54-9A1E7A4F7556}") = "Benchmarks", "Benchmarks\Benchmarks.csproj", "{F01CB4D7-000D-4C44-897A-61A5430A29C5}"
EndProject
Project("{9A19103F-16F7-4668-BE54-9A1E7A4F7556}") = "JsonSrcGen.Inputs.Tests", "JsonSrcGen.Inputs.Tests\JsonSrcGen.Inputs.Tests.csproj", "{332729C6-174B-4C44-873A-488C9572D337}"
EndProject
Global
	GlobalSection(SolutionConfigurationPlatforms) = preSolution
		Debug|Any CPU = Debug|Any CPU
		Debug|x64 = Debug|x64
		Debug|x86 = Debug|x86
		Release|Any CPU = Release|Any CPU
		Release|x64 = Release|x64
		Release|x86 = Release|x86
	EndGlobalSection
	GlobalSection(ProjectConfigurationPlatforms) = postSolution
		{95C58694-90A6-4566-88CA-87BF51742417}.Debug|Any CPU.ActiveCfg = Debug|Any CPU
		{95C58694-90A6-4566-88CA-87BF51742417}.Debug|Any CPU.Build.0 = Debug|Any CPU
		{95C58694-90A6-4566-88CA-87BF51742417}.Debug|x64.ActiveCfg = Debug|Any CPU
		{95C58694-90A6-4566-88CA-87BF51742417}.Debug|x64.Build.0 = Debug|Any CPU
		{95C58694-90A6-4566-88CA-87BF51742417}.Debug|x86.ActiveCfg = Debug|Any CPU
		{95C58694-90A6-4566-88CA-87BF51742417}.Debug|x86.Build.0 = Debug|Any CPU
		{95C58694-90A6-4566-88CA-87BF51742417}.Release|Any CPU.ActiveCfg = Release|Any CPU
		{95C58694-90A6-4566-88CA-87BF51742417}.Release|Any CPU.Build.0 = Release|Any CPU
		{95C58694-90A6-4566-88CA-87BF51742417}.Release|x64.ActiveCfg = Release|Any CPU
		{95C58694-90A6-4566-88CA-87BF51742417}.Release|x64.Build.0 = Release|Any CPU
		{95C58694-90A6-4566-88CA-87BF51742417}.Release|x86.ActiveCfg = Release|Any CPU
		{95C58694-90A6-4566-88CA-87BF51742417}.Release|x86.Build.0 = Release|Any CPU
		{A4F7CBF4-9F42-44E1-8E86-55DC4832EABB}.Debug|Any CPU.ActiveCfg = Debug|Any CPU
		{A4F7CBF4-9F42-44E1-8E86-55DC4832EABB}.Debug|Any CPU.Build.0 = Debug|Any CPU
		{A4F7CBF4-9F42-44E1-8E86-55DC4832EABB}.Debug|x64.ActiveCfg = Debug|Any CPU
		{A4F7CBF4-9F42-44E1-8E86-55DC4832EABB}.Debug|x64.Build.0 = Debug|Any CPU
		{A4F7CBF4-9F42-44E1-8E86-55DC4832EABB}.Debug|x86.ActiveCfg = Debug|Any CPU
		{A4F7CBF4-9F42-44E1-8E86-55DC4832EABB}.Debug|x86.Build.0 = Debug|Any CPU
		{A4F7CBF4-9F42-44E1-8E86-55DC4832EABB}.Release|Any CPU.ActiveCfg = Release|Any CPU
		{A4F7CBF4-9F42-44E1-8E86-55DC4832EABB}.Release|Any CPU.Build.0 = Release|Any CPU
		{A4F7CBF4-9F42-44E1-8E86-55DC4832EABB}.Release|x64.ActiveCfg = Release|Any CPU
		{A4F7CBF4-9F42-44E1-8E86-55DC4832EABB}.Release|x64.Build.0 = Release|Any CPU
		{A4F7CBF4-9F42-44E1-8E86-55DC4832EABB}.Release|x86.ActiveCfg = Release|Any CPU
		{A4F7CBF4-9F42-44E1-8E86-55DC4832EABB}.Release|x86.Build.0 = Release|Any CPU
		{14247B7E-56FC-421F-8D23-DDFF917D4A64}.Debug|Any CPU.ActiveCfg = Debug|Any CPU
		{14247B7E-56FC-421F-8D23-DDFF917D4A64}.Debug|Any CPU.Build.0 = Debug|Any CPU
		{14247B7E-56FC-421F-8D23-DDFF917D4A64}.Debug|x64.ActiveCfg = Debug|Any CPU
		{14247B7E-56FC-421F-8D23-DDFF917D4A64}.Debug|x64.Build.0 = Debug|Any CPU
		{14247B7E-56FC-421F-8D23-DDFF917D4A64}.Debug|x86.ActiveCfg = Debug|Any CPU
		{14247B7E-56FC-421F-8D23-DDFF917D4A64}.Debug|x86.Build.0 = Debug|Any CPU
		{14247B7E-56FC-421F-8D23-DDFF917D4A64}.Release|Any CPU.ActiveCfg = Release|Any CPU
		{14247B7E-56FC-421F-8D23-DDFF917D4A64}.Release|Any CPU.Build.0 = Release|Any CPU
		{14247B7E-56FC-421F-8D23-DDFF917D4A64}.Release|x64.ActiveCfg = Release|Any CPU
		{14247B7E-56FC-421F-8D23-DDFF917D4A64}.Release|x64.Build.0 = Release|Any CPU
		{14247B7E-56FC-421F-8D23-DDFF917D4A64}.Release|x86.ActiveCfg = Release|Any CPU
		{14247B7E-56FC-421F-8D23-DDFF917D4A64}.Release|x86.Build.0 = Release|Any CPU
		{41D4EE4E-2302-47B9-BD0D-23E08A67578C}.Debug|Any CPU.ActiveCfg = Debug|Any CPU
		{41D4EE4E-2302-47B9-BD0D-23E08A67578C}.Debug|Any CPU.Build.0 = Debug|Any CPU
		{41D4EE4E-2302-47B9-BD0D-23E08A67578C}.Debug|x64.ActiveCfg = Debug|Any CPU
		{41D4EE4E-2302-47B9-BD0D-23E08A67578C}.Debug|x64.Build.0 = Debug|Any CPU
		{41D4EE4E-2302-47B9-BD0D-23E08A67578C}.Debug|x86.ActiveCfg = Debug|Any CPU
		{41D4EE4E-2302-47B9-BD0D-23E08A67578C}.Debug|x86.Build.0 = Debug|Any CPU
		{41D4EE4E-2302-47B9-BD0D-23E08A67578C}.Release|Any CPU.ActiveCfg = Release|Any CPU
		{41D4EE4E-2302-47B9-BD0D-23E08A67578C}.Release|Any CPU.Build.0 = Release|Any CPU
		{41D4EE4E-2302-47B9-BD0D-23E08A67578C}.Release|x64.ActiveCfg = Release|Any CPU
		{41D4EE4E-2302-47B9-BD0D-23E08A67578C}.Release|x64.Build.0 = Release|Any CPU
		{41D4EE4E-2302-47B9-BD0D-23E08A67578C}.Release|x86.ActiveCfg = Release|Any CPU
		{41D4EE4E-2302-47B9-BD0D-23E08A67578C}.Release|x86.Build.0 = Release|Any CPU
		{F01CB4D7-000D-4C44-897A-61A5430A29C5}.Debug|Any CPU.ActiveCfg = Debug|Any CPU
		{F01CB4D7-000D-4C44-897A-61A5430A29C5}.Debug|Any CPU.Build.0 = Debug|Any CPU
		{F01CB4D7-000D-4C44-897A-61A5430A29C5}.Debug|x64.ActiveCfg = Debug|Any CPU
		{F01CB4D7-000D-4C44-897A-61A5430A29C5}.Debug|x64.Build.0 = Debug|Any CPU
		{F01CB4D7-000D-4C44-897A-61A5430A29C5}.Debug|x86.ActiveCfg = Debug|Any CPU
		{F01CB4D7-000D-4C44-897A-61A5430A29C5}.Debug|x86.Build.0 = Debug|Any CPU
		{F01CB4D7-000D-4C44-897A-61A5430A29C5}.Release|Any CPU.ActiveCfg = Release|Any CPU
		{F01CB4D7-000D-4C44-897A-61A5430A29C5}.Release|Any CPU.Build.0 = Release|Any CPU
		{F01CB4D7-000D-4C44-897A-61A5430A29C5}.Release|x64.ActiveCfg = Release|Any CPU
		{F01CB4D7-000D-4C44-897A-61A5430A29C5}.Release|x64.Build.0 = Release|Any CPU
		{F01CB4D7-000D-4C44-897A-61A5430A29C5}.Release|x86.ActiveCfg = Release|Any CPU
		{F01CB4D7-000D-4C44-897A-61A5430A29C5}.Release|x86.Build.0 = Release|Any CPU
		{48A1BD06-AD19-47C8-AB58-4A4ECC6C130C}.Debug|Any CPU.ActiveCfg = Debug|Any CPU
		{48A1BD06-AD19-47C8-AB58-4A4ECC6C130C}.Debug|Any CPU.Build.0 = Debug|Any CPU
		{48A1BD06-AD19-47C8-AB58-4A4ECC6C130C}.Debug|x64.ActiveCfg = Debug|Any CPU
		{48A1BD06-AD19-47C8-AB58-4A4ECC6C130C}.Debug|x64.Build.0 = Debug|Any CPU
		{48A1BD06-AD19-47C8-AB58-4A4ECC6C130C}.Debug|x86.ActiveCfg = Debug|Any CPU
		{48A1BD06-AD19-47C8-AB58-4A4ECC6C130C}.Debug|x86.Build.0 = Debug|Any CPU
		{48A1BD06-AD19-47C8-AB58-4A4ECC6C130C}.Release|Any CPU.ActiveCfg = Release|Any CPU
		{48A1BD06-AD19-47C8-AB58-4A4ECC6C130C}.Release|Any CPU.Build.0 = Release|Any CPU
		{48A1BD06-AD19-47C8-AB58-4A4ECC6C130C}.Release|x64.ActiveCfg = Release|Any CPU
		{48A1BD06-AD19-47C8-AB58-4A4ECC6C130C}.Release|x64.Build.0 = Release|Any CPU
		{48A1BD06-AD19-47C8-AB58-4A4ECC6C130C}.Release|x86.ActiveCfg = Release|Any CPU
		{48A1BD06-AD19-47C8-AB58-4A4ECC6C130C}.Release|x86.Build.0 = Release|Any CPU
		{332729C6-174B-4C44-873A-488C9572D337}.Debug|Any CPU.ActiveCfg = Debug|Any CPU
		{332729C6-174B-4C44-873A-488C9572D337}.Debug|Any CPU.Build.0 = Debug|Any CPU
		{332729C6-174B-4C44-873A-488C9572D337}.Debug|x64.ActiveCfg = Debug|Any CPU
		{332729C6-174B-4C44-873A-488C9572D337}.Debug|x64.Build.0 = Debug|Any CPU
		{332729C6-174B-4C44-873A-488C9572D337}.Debug|x86.ActiveCfg = Debug|Any CPU
		{332729C6-174B-4C44-873A-488C9572D337}.Debug|x86.Build.0 = Debug|Any CPU
		{332729C6-174B-4C44-873A-488C9572D337}.Release|Any CPU.ActiveCfg = Release|Any CPU
		{332729C6-174B-4C44-873A-488C9572D337}.Release|Any CPU.Build.0 = Release|Any CPU
		{332729C6-174B-4C44-873A-488C9572D337}.Release|x64.ActiveCfg = Release|Any CPU
		{332729C6-174B-4C44-873A-488C9572D337}.Release|x64.Build.0 = Release|Any CPU
		{332729C6-174B-4C44-873A-488C9572D337}.Release|x86.ActiveCfg = Release|Any CPU
		{332729C6-174B-4C44-873A-488C9572D337}.Release|x86.Build.0 = Release|Any CPU
	EndGlobalSection
	GlobalSection(SolutionProperties) = preSolution
		HideSolutionNode = FALSE
	EndGlobalSection
	GlobalSection(ExtensibilityGlobals) = postSolution
		SolutionGuid = {056F8670-95E3-4346-92ED-E45991185F05}
	EndGlobalSection
EndGlobal
